// !$*UTF8*$!
{
	archiveVersion = 1;
	classes = {
	};
	objectVersion = 56;
	objects = {

/* Begin PBXBuildFile section */
		6E2B78302B0FD18F00DA027D /* HealthDataNoteDetailView.swift in Sources */ = {isa = PBXBuildFile; fileRef = 6E2B782F2B0FD18F00DA027D /* HealthDataNoteDetailView.swift */; };
		6E41CFC22AE2F823007BD83B /* DoctorDetailsView.swift in Sources */ = {isa = PBXBuildFile; fileRef = 6E41CFC12AE2F823007BD83B /* DoctorDetailsView.swift */; };
		6E41DA722AE21E1500BC3ECD /* Patient.swift in Sources */ = {isa = PBXBuildFile; fileRef = 6E41DA712AE21E1500BC3ECD /* Patient.swift */; };
		6E4B38D12AFDC82700D93CD5 /* PatientSignupResponse.swift in Sources */ = {isa = PBXBuildFile; fileRef = 6E4B38C22AFDC82700D93CD5 /* PatientSignupResponse.swift */; };
		6E4B38D22AFDC82700D93CD5 /* AuthenticationResponse.swift in Sources */ = {isa = PBXBuildFile; fileRef = 6E4B38C32AFDC82700D93CD5 /* AuthenticationResponse.swift */; };
		6E4B38D32AFDC82700D93CD5 /* HealthDataRecordResponse.swift in Sources */ = {isa = PBXBuildFile; fileRef = 6E4B38C42AFDC82700D93CD5 /* HealthDataRecordResponse.swift */; };
		6E4B38D42AFDC82700D93CD5 /* NoteResponse.swift in Sources */ = {isa = PBXBuildFile; fileRef = 6E4B38C52AFDC82700D93CD5 /* NoteResponse.swift */; };
		6E4B38D52AFDC82700D93CD5 /* HealthDataResponse.swift in Sources */ = {isa = PBXBuildFile; fileRef = 6E4B38C62AFDC82700D93CD5 /* HealthDataResponse.swift */; };
		6E4B38D62AFDC82700D93CD5 /* DoctorPatientRelationshipResponse.swift in Sources */ = {isa = PBXBuildFile; fileRef = 6E4B38C72AFDC82700D93CD5 /* DoctorPatientRelationshipResponse.swift */; };
		6E4B38D72AFDC82700D93CD5 /* DoctorSignupResponse.swift in Sources */ = {isa = PBXBuildFile; fileRef = 6E4B38C82AFDC82700D93CD5 /* DoctorSignupResponse.swift */; };
		6E4B38D82AFDC82700D93CD5 /* DoctorPatientRelationshipRequest.swift in Sources */ = {isa = PBXBuildFile; fileRef = 6E4B38CA2AFDC82700D93CD5 /* DoctorPatientRelationshipRequest.swift */; };
		6E4B38D92AFDC82700D93CD5 /* PersonalizedHealthDataRequest.swift in Sources */ = {isa = PBXBuildFile; fileRef = 6E4B38CB2AFDC82700D93CD5 /* PersonalizedHealthDataRequest.swift */; };
		6E4B38DA2AFDC82700D93CD5 /* PatientSignupRequest.swift in Sources */ = {isa = PBXBuildFile; fileRef = 6E4B38CC2AFDC82700D93CD5 /* PatientSignupRequest.swift */; };
		6E4B38DB2AFDC82700D93CD5 /* NoteRequest.swift in Sources */ = {isa = PBXBuildFile; fileRef = 6E4B38CD2AFDC82700D93CD5 /* NoteRequest.swift */; };
		6E4B38DC2AFDC82700D93CD5 /* HealthDataRecordRequest.swift in Sources */ = {isa = PBXBuildFile; fileRef = 6E4B38CE2AFDC82700D93CD5 /* HealthDataRecordRequest.swift */; };
		6E4B38DD2AFDC82700D93CD5 /* PatientUpdateRequest.swift in Sources */ = {isa = PBXBuildFile; fileRef = 6E4B38CF2AFDC82700D93CD5 /* PatientUpdateRequest.swift */; };
		6E4B38DE2AFDC82700D93CD5 /* DoctorSignupRequest.swift in Sources */ = {isa = PBXBuildFile; fileRef = 6E4B38D02AFDC82700D93CD5 /* DoctorSignupRequest.swift */; };
		6E4B38E02AFDDB2100D93CD5 /* HealthDataDetailView.swift in Sources */ = {isa = PBXBuildFile; fileRef = 6E4B38DF2AFDDB2100D93CD5 /* HealthDataDetailView.swift */; };
		6E5219AC2ADF6CFA00220B6E /* SintoCheckApp.swift in Sources */ = {isa = PBXBuildFile; fileRef = 6E5219AB2ADF6CFA00220B6E /* SintoCheckApp.swift */; };
		6E5219AE2ADF6CFA00220B6E /* ContentView.swift in Sources */ = {isa = PBXBuildFile; fileRef = 6E5219AD2ADF6CFA00220B6E /* ContentView.swift */; };
		6E5219B02ADF6CFB00220B6E /* Assets.xcassets in Resources */ = {isa = PBXBuildFile; fileRef = 6E5219AF2ADF6CFB00220B6E /* Assets.xcassets */; };
		6E5219B32ADF6CFB00220B6E /* Preview Assets.xcassets in Resources */ = {isa = PBXBuildFile; fileRef = 6E5219B22ADF6CFB00220B6E /* Preview Assets.xcassets */; };
		6E5219BA2ADF6D1900220B6E /* ProfileView.swift in Sources */ = {isa = PBXBuildFile; fileRef = 6E5219B92ADF6D1900220B6E /* ProfileView.swift */; };
		6E5219BC2ADF6D3800220B6E /* SettingsView.swift in Sources */ = {isa = PBXBuildFile; fileRef = 6E5219BB2ADF6D3800220B6E /* SettingsView.swift */; };
		6E6154962B0C377E006D7C36 /* SwitchView.swift in Sources */ = {isa = PBXBuildFile; fileRef = 6E6154952B0C377E006D7C36 /* SwitchView.swift */; };
		6E87BF3F2ADFA52100FEF0DA /* HealthDataDetails.swift in Sources */ = {isa = PBXBuildFile; fileRef = 6E87BF3E2ADFA52100FEF0DA /* HealthDataDetails.swift */; };
		6E87BF412ADFB3C200FEF0DA /* MedicalDataView.swift in Sources */ = {isa = PBXBuildFile; fileRef = 6E87BF402ADFB3C200FEF0DA /* MedicalDataView.swift */; };
		6EB9D4B22AE06E7700740DFF /* HealthData.swift in Sources */ = {isa = PBXBuildFile; fileRef = 6EB9D4B12AE06E7700740DFF /* HealthData.swift */; };
		9E19D9572B151B35003C8733 /* viewNotes.swift in Sources */ = {isa = PBXBuildFile; fileRef = 9E19D9562B151B35003C8733 /* viewNotes.swift */; };
		9E19D9592B151BB7003C8733 /* individualNote.swift in Sources */ = {isa = PBXBuildFile; fileRef = 9E19D9582B151BB6003C8733 /* individualNote.swift */; };
		9E3956F02AFD8E5800BE4298 /* DoctorDetails.swift in Sources */ = {isa = PBXBuildFile; fileRef = 9E3956EF2AFD8E5800BE4298 /* DoctorDetails.swift */; };
		9E3956F32AFD8ECB00BE4298 /* InfoDoctor.swift in Sources */ = {isa = PBXBuildFile; fileRef = 9E3956F22AFD8ECB00BE4298 /* InfoDoctor.swift */; };
		9E3956F52AFD902C00BE4298 /* MedicalLinkView.swift in Sources */ = {isa = PBXBuildFile; fileRef = 9E3956F42AFD902C00BE4298 /* MedicalLinkView.swift */; };
		9E3956F72AFD92E500BE4298 /* addNote.swift in Sources */ = {isa = PBXBuildFile; fileRef = 9E3956F62AFD92E500BE4298 /* addNote.swift */; };
		9E64DB3A2B0B3EE900C21C83 /* codeField.swift in Sources */ = {isa = PBXBuildFile; fileRef = 9E64DB392B0B3EE900C21C83 /* codeField.swift */; };
		9E64DB3C2B0B3EF500C21C83 /* fullCodeField.swift in Sources */ = {isa = PBXBuildFile; fileRef = 9E64DB3B2B0B3EF500C21C83 /* fullCodeField.swift */; };
		9E6F8E372B0B459F00138EE8 /* requests.swift in Sources */ = {isa = PBXBuildFile; fileRef = 9E6F8E362B0B459F00138EE8 /* requests.swift */; };
		FB03170E2B0C2643000F9A97 /* utils.swift in Sources */ = {isa = PBXBuildFile; fileRef = FB03170D2B0C2643000F9A97 /* utils.swift */; };
		FB1793942B019C07006CF12C /* RegisterOptionalDataView.swift in Sources */ = {isa = PBXBuildFile; fileRef = FB1793932B019C07006CF12C /* RegisterOptionalDataView.swift */; };
		FB50E6BA2B0DB57B006E5BF0 /* ModifyHealthDataListView.swift in Sources */ = {isa = PBXBuildFile; fileRef = FB50E6B92B0DB57B006E5BF0 /* ModifyHealthDataListView.swift */; };
		FB9BE86B2AE72ECC00CFEDAB /* LoginView.swift in Sources */ = {isa = PBXBuildFile; fileRef = FB9BE86A2AE72ECC00CFEDAB /* LoginView.swift */; };
		FB9BE86D2AE72EF100CFEDAB /* RegisterView.swift in Sources */ = {isa = PBXBuildFile; fileRef = FB9BE86C2AE72EF100CFEDAB /* RegisterView.swift */; };
		FBD7FC372B0BF848007A6943 /* RegisterHealthDataView.swift in Sources */ = {isa = PBXBuildFile; fileRef = FBD7FC362B0BF848007A6943 /* RegisterHealthDataView.swift */; };
		FBE102472B0EA0E4002041A2 /* NoTrackedHealthDataView.swift in Sources */ = {isa = PBXBuildFile; fileRef = FBE102462B0EA0E4002041A2 /* NoTrackedHealthDataView.swift */; };
		FBE102492B0EAD0C002041A2 /* AddPersonalizedHealthDataView.swift in Sources */ = {isa = PBXBuildFile; fileRef = FBE102482B0EAD0C002041A2 /* AddPersonalizedHealthDataView.swift */; };
		FBE1024B2B0EBB6A002041A2 /* AddHealthDataRecordView.swift in Sources */ = {isa = PBXBuildFile; fileRef = FBE1024A2B0EBB6A002041A2 /* AddHealthDataRecordView.swift */; };
		FBE1024D2B0EC0EC002041A2 /* AddDataRecordListView.swift in Sources */ = {isa = PBXBuildFile; fileRef = FBE1024C2B0EC0EC002041A2 /* AddDataRecordListView.swift */; };
/* End PBXBuildFile section */

/* Begin PBXFileReference section */
		6E2B782F2B0FD18F00DA027D /* HealthDataNoteDetailView.swift */ = {isa = PBXFileReference; lastKnownFileType = sourcecode.swift; path = HealthDataNoteDetailView.swift; sourceTree = "<group>"; };
		6E41CFC12AE2F823007BD83B /* DoctorDetailsView.swift */ = {isa = PBXFileReference; lastKnownFileType = sourcecode.swift; path = DoctorDetailsView.swift; sourceTree = "<group>"; };
		6E41DA712AE21E1500BC3ECD /* Patient.swift */ = {isa = PBXFileReference; lastKnownFileType = sourcecode.swift; path = Patient.swift; sourceTree = "<group>"; };
		6E4B38C22AFDC82700D93CD5 /* PatientSignupResponse.swift */ = {isa = PBXFileReference; fileEncoding = 4; lastKnownFileType = sourcecode.swift; path = PatientSignupResponse.swift; sourceTree = "<group>"; };
		6E4B38C32AFDC82700D93CD5 /* AuthenticationResponse.swift */ = {isa = PBXFileReference; fileEncoding = 4; lastKnownFileType = sourcecode.swift; path = AuthenticationResponse.swift; sourceTree = "<group>"; };
		6E4B38C42AFDC82700D93CD5 /* HealthDataRecordResponse.swift */ = {isa = PBXFileReference; fileEncoding = 4; lastKnownFileType = sourcecode.swift; path = HealthDataRecordResponse.swift; sourceTree = "<group>"; };
		6E4B38C52AFDC82700D93CD5 /* NoteResponse.swift */ = {isa = PBXFileReference; fileEncoding = 4; lastKnownFileType = sourcecode.swift; path = NoteResponse.swift; sourceTree = "<group>"; };
		6E4B38C62AFDC82700D93CD5 /* HealthDataResponse.swift */ = {isa = PBXFileReference; fileEncoding = 4; lastKnownFileType = sourcecode.swift; path = HealthDataResponse.swift; sourceTree = "<group>"; };
		6E4B38C72AFDC82700D93CD5 /* DoctorPatientRelationshipResponse.swift */ = {isa = PBXFileReference; fileEncoding = 4; lastKnownFileType = sourcecode.swift; path = DoctorPatientRelationshipResponse.swift; sourceTree = "<group>"; };
		6E4B38C82AFDC82700D93CD5 /* DoctorSignupResponse.swift */ = {isa = PBXFileReference; fileEncoding = 4; lastKnownFileType = sourcecode.swift; path = DoctorSignupResponse.swift; sourceTree = "<group>"; };
		6E4B38CA2AFDC82700D93CD5 /* DoctorPatientRelationshipRequest.swift */ = {isa = PBXFileReference; fileEncoding = 4; lastKnownFileType = sourcecode.swift; path = DoctorPatientRelationshipRequest.swift; sourceTree = "<group>"; };
		6E4B38CB2AFDC82700D93CD5 /* PersonalizedHealthDataRequest.swift */ = {isa = PBXFileReference; fileEncoding = 4; lastKnownFileType = sourcecode.swift; path = PersonalizedHealthDataRequest.swift; sourceTree = "<group>"; };
		6E4B38CC2AFDC82700D93CD5 /* PatientSignupRequest.swift */ = {isa = PBXFileReference; fileEncoding = 4; lastKnownFileType = sourcecode.swift; path = PatientSignupRequest.swift; sourceTree = "<group>"; };
		6E4B38CD2AFDC82700D93CD5 /* NoteRequest.swift */ = {isa = PBXFileReference; fileEncoding = 4; lastKnownFileType = sourcecode.swift; path = NoteRequest.swift; sourceTree = "<group>"; };
		6E4B38CE2AFDC82700D93CD5 /* HealthDataRecordRequest.swift */ = {isa = PBXFileReference; fileEncoding = 4; lastKnownFileType = sourcecode.swift; path = HealthDataRecordRequest.swift; sourceTree = "<group>"; };
		6E4B38CF2AFDC82700D93CD5 /* PatientUpdateRequest.swift */ = {isa = PBXFileReference; fileEncoding = 4; lastKnownFileType = sourcecode.swift; path = PatientUpdateRequest.swift; sourceTree = "<group>"; };
		6E4B38D02AFDC82700D93CD5 /* DoctorSignupRequest.swift */ = {isa = PBXFileReference; fileEncoding = 4; lastKnownFileType = sourcecode.swift; path = DoctorSignupRequest.swift; sourceTree = "<group>"; };
		6E4B38DF2AFDDB2100D93CD5 /* HealthDataDetailView.swift */ = {isa = PBXFileReference; lastKnownFileType = sourcecode.swift; path = HealthDataDetailView.swift; sourceTree = "<group>"; };
		6E5219A82ADF6CFA00220B6E /* SintoCheck.app */ = {isa = PBXFileReference; explicitFileType = wrapper.application; includeInIndex = 0; path = SintoCheck.app; sourceTree = BUILT_PRODUCTS_DIR; };
		6E5219AB2ADF6CFA00220B6E /* SintoCheckApp.swift */ = {isa = PBXFileReference; lastKnownFileType = sourcecode.swift; path = SintoCheckApp.swift; sourceTree = "<group>"; };
		6E5219AD2ADF6CFA00220B6E /* ContentView.swift */ = {isa = PBXFileReference; lastKnownFileType = sourcecode.swift; path = ContentView.swift; sourceTree = "<group>"; };
		6E5219AF2ADF6CFB00220B6E /* Assets.xcassets */ = {isa = PBXFileReference; lastKnownFileType = folder.assetcatalog; path = Assets.xcassets; sourceTree = "<group>"; };
		6E5219B22ADF6CFB00220B6E /* Preview Assets.xcassets */ = {isa = PBXFileReference; lastKnownFileType = folder.assetcatalog; path = "Preview Assets.xcassets"; sourceTree = "<group>"; };
		6E5219B92ADF6D1900220B6E /* ProfileView.swift */ = {isa = PBXFileReference; lastKnownFileType = sourcecode.swift; path = ProfileView.swift; sourceTree = "<group>"; };
		6E5219BB2ADF6D3800220B6E /* SettingsView.swift */ = {isa = PBXFileReference; lastKnownFileType = sourcecode.swift; path = SettingsView.swift; sourceTree = "<group>"; };
		6E6154952B0C377E006D7C36 /* SwitchView.swift */ = {isa = PBXFileReference; lastKnownFileType = sourcecode.swift; path = SwitchView.swift; sourceTree = "<group>"; };
		6E87BF3E2ADFA52100FEF0DA /* HealthDataDetails.swift */ = {isa = PBXFileReference; lastKnownFileType = sourcecode.swift; path = HealthDataDetails.swift; sourceTree = "<group>"; };
		6E87BF402ADFB3C200FEF0DA /* MedicalDataView.swift */ = {isa = PBXFileReference; lastKnownFileType = sourcecode.swift; path = MedicalDataView.swift; sourceTree = "<group>"; };
		6EB9D4B12AE06E7700740DFF /* HealthData.swift */ = {isa = PBXFileReference; lastKnownFileType = sourcecode.swift; path = HealthData.swift; sourceTree = "<group>"; };
		9E19D9562B151B35003C8733 /* viewNotes.swift */ = {isa = PBXFileReference; lastKnownFileType = sourcecode.swift; path = viewNotes.swift; sourceTree = "<group>"; };
		9E19D9582B151BB6003C8733 /* individualNote.swift */ = {isa = PBXFileReference; lastKnownFileType = sourcecode.swift; path = individualNote.swift; sourceTree = "<group>"; };
		9E3956EF2AFD8E5800BE4298 /* DoctorDetails.swift */ = {isa = PBXFileReference; lastKnownFileType = sourcecode.swift; path = DoctorDetails.swift; sourceTree = "<group>"; };
		9E3956F22AFD8ECB00BE4298 /* InfoDoctor.swift */ = {isa = PBXFileReference; lastKnownFileType = sourcecode.swift; path = InfoDoctor.swift; sourceTree = "<group>"; };
		9E3956F42AFD902C00BE4298 /* MedicalLinkView.swift */ = {isa = PBXFileReference; lastKnownFileType = sourcecode.swift; path = MedicalLinkView.swift; sourceTree = "<group>"; };
		9E3956F62AFD92E500BE4298 /* addNote.swift */ = {isa = PBXFileReference; lastKnownFileType = sourcecode.swift; path = addNote.swift; sourceTree = "<group>"; };
		9E64DB392B0B3EE900C21C83 /* codeField.swift */ = {isa = PBXFileReference; lastKnownFileType = sourcecode.swift; path = codeField.swift; sourceTree = "<group>"; };
		9E64DB3B2B0B3EF500C21C83 /* fullCodeField.swift */ = {isa = PBXFileReference; lastKnownFileType = sourcecode.swift; path = fullCodeField.swift; sourceTree = "<group>"; };
		9E6F8E362B0B459F00138EE8 /* requests.swift */ = {isa = PBXFileReference; lastKnownFileType = sourcecode.swift; path = requests.swift; sourceTree = "<group>"; };
		FB03170D2B0C2643000F9A97 /* utils.swift */ = {isa = PBXFileReference; lastKnownFileType = sourcecode.swift; path = utils.swift; sourceTree = "<group>"; };
		FB1793932B019C07006CF12C /* RegisterOptionalDataView.swift */ = {isa = PBXFileReference; lastKnownFileType = sourcecode.swift; path = RegisterOptionalDataView.swift; sourceTree = "<group>"; };
		FB50E6B92B0DB57B006E5BF0 /* ModifyHealthDataListView.swift */ = {isa = PBXFileReference; lastKnownFileType = sourcecode.swift; path = ModifyHealthDataListView.swift; sourceTree = "<group>"; };
		FB9BE86A2AE72ECC00CFEDAB /* LoginView.swift */ = {isa = PBXFileReference; lastKnownFileType = sourcecode.swift; path = LoginView.swift; sourceTree = "<group>"; };
		FB9BE86C2AE72EF100CFEDAB /* RegisterView.swift */ = {isa = PBXFileReference; lastKnownFileType = sourcecode.swift; path = RegisterView.swift; sourceTree = "<group>"; };
		FBD7FC362B0BF848007A6943 /* RegisterHealthDataView.swift */ = {isa = PBXFileReference; lastKnownFileType = sourcecode.swift; path = RegisterHealthDataView.swift; sourceTree = "<group>"; };
		FBE102462B0EA0E4002041A2 /* NoTrackedHealthDataView.swift */ = {isa = PBXFileReference; lastKnownFileType = sourcecode.swift; path = NoTrackedHealthDataView.swift; sourceTree = "<group>"; };
		FBE102482B0EAD0C002041A2 /* AddPersonalizedHealthDataView.swift */ = {isa = PBXFileReference; lastKnownFileType = sourcecode.swift; path = AddPersonalizedHealthDataView.swift; sourceTree = "<group>"; };
		FBE1024A2B0EBB6A002041A2 /* AddHealthDataRecordView.swift */ = {isa = PBXFileReference; lastKnownFileType = sourcecode.swift; path = AddHealthDataRecordView.swift; sourceTree = "<group>"; };
		FBE1024C2B0EC0EC002041A2 /* AddDataRecordListView.swift */ = {isa = PBXFileReference; lastKnownFileType = sourcecode.swift; path = AddDataRecordListView.swift; sourceTree = "<group>"; };
/* End PBXFileReference section */

/* Begin PBXFrameworksBuildPhase section */
		6E5219A52ADF6CFA00220B6E /* Frameworks */ = {
			isa = PBXFrameworksBuildPhase;
			buildActionMask = 2147483647;
			files = (
			);
			runOnlyForDeploymentPostprocessing = 0;
		};
/* End PBXFrameworksBuildPhase section */

/* Begin PBXGroup section */
		6E4B38C02AFDC82700D93CD5 /* Types */ = {
			isa = PBXGroup;
			children = (
				6E4B38C12AFDC82700D93CD5 /* Responses */,
				6E4B38C92AFDC82700D93CD5 /* Requests */,
			);
			path = Types;
			sourceTree = "<group>";
		};
		6E4B38C12AFDC82700D93CD5 /* Responses */ = {
			isa = PBXGroup;
			children = (
				6E4B38C22AFDC82700D93CD5 /* PatientSignupResponse.swift */,
				6E4B38C32AFDC82700D93CD5 /* AuthenticationResponse.swift */,
				6E4B38C42AFDC82700D93CD5 /* HealthDataRecordResponse.swift */,
				6E4B38C52AFDC82700D93CD5 /* NoteResponse.swift */,
				6E4B38C62AFDC82700D93CD5 /* HealthDataResponse.swift */,
				6E4B38C72AFDC82700D93CD5 /* DoctorPatientRelationshipResponse.swift */,
				6E4B38C82AFDC82700D93CD5 /* DoctorSignupResponse.swift */,
			);
			path = Responses;
			sourceTree = "<group>";
		};
		6E4B38C92AFDC82700D93CD5 /* Requests */ = {
			isa = PBXGroup;
			children = (
				6E4B38CA2AFDC82700D93CD5 /* DoctorPatientRelationshipRequest.swift */,
				6E4B38CB2AFDC82700D93CD5 /* PersonalizedHealthDataRequest.swift */,
				6E4B38CC2AFDC82700D93CD5 /* PatientSignupRequest.swift */,
				6E4B38CD2AFDC82700D93CD5 /* NoteRequest.swift */,
				6E4B38CE2AFDC82700D93CD5 /* HealthDataRecordRequest.swift */,
				6E4B38CF2AFDC82700D93CD5 /* PatientUpdateRequest.swift */,
				6E4B38D02AFDC82700D93CD5 /* DoctorSignupRequest.swift */,
			);
			path = Requests;
			sourceTree = "<group>";
		};
		6E52199F2ADF6CFA00220B6E = {
			isa = PBXGroup;
			children = (
				6E5219AA2ADF6CFA00220B6E /* SintoCheck */,
				6E5219A92ADF6CFA00220B6E /* Products */,
			);
			sourceTree = "<group>";
		};
		6E5219A92ADF6CFA00220B6E /* Products */ = {
			isa = PBXGroup;
			children = (
				6E5219A82ADF6CFA00220B6E /* SintoCheck.app */,
			);
			name = Products;
			sourceTree = "<group>";
		};
		6E5219AA2ADF6CFA00220B6E /* SintoCheck */ = {
			isa = PBXGroup;
			children = (
				6E5219AB2ADF6CFA00220B6E /* SintoCheckApp.swift */,
				6E5219AD2ADF6CFA00220B6E /* ContentView.swift */,
				6E6154952B0C377E006D7C36 /* SwitchView.swift */,
				FBE1024A2B0EBB6A002041A2 /* AddHealthDataRecordView.swift */,
				6E5219B92ADF6D1900220B6E /* ProfileView.swift */,
				9E3956F62AFD92E500BE4298 /* addNote.swift */,
				9E19D9562B151B35003C8733 /* viewNotes.swift */,
				6E4B38C02AFDC82700D93CD5 /* Types */,
				6E41CFC12AE2F823007BD83B /* DoctorDetailsView.swift */,
				6E41DA712AE21E1500BC3ECD /* Patient.swift */,
				9E3956F42AFD902C00BE4298 /* MedicalLinkView.swift */,
				6EB9D4B12AE06E7700740DFF /* HealthData.swift */,
				6E87BF402ADFB3C200FEF0DA /* MedicalDataView.swift */,
				9E3956F12AFD8EB100BE4298 /* ViewsUtilidad */,
				6E87BF3E2ADFA52100FEF0DA /* HealthDataDetails.swift */,
				6E2B782F2B0FD18F00DA027D /* HealthDataNoteDetailView.swift */,
				FBE102462B0EA0E4002041A2 /* NoTrackedHealthDataView.swift */,
				FB50E6B92B0DB57B006E5BF0 /* ModifyHealthDataListView.swift */,
				FBE102482B0EAD0C002041A2 /* AddPersonalizedHealthDataView.swift */,
				FBE1024C2B0EC0EC002041A2 /* AddDataRecordListView.swift */,
				9E6F8E352B0B458D00138EE8 /* funcionesUtilidad */,
				6E4B38DF2AFDDB2100D93CD5 /* HealthDataDetailView.swift */,
				6E5219BB2ADF6D3800220B6E /* SettingsView.swift */,
				9E3956EF2AFD8E5800BE4298 /* DoctorDetails.swift */,
				FB9BE86A2AE72ECC00CFEDAB /* LoginView.swift */,
				FB9BE86C2AE72EF100CFEDAB /* RegisterView.swift */,
				FB1793932B019C07006CF12C /* RegisterOptionalDataView.swift */,
				FBD7FC362B0BF848007A6943 /* RegisterHealthDataView.swift */,
				FB03170D2B0C2643000F9A97 /* utils.swift */,
				6E5219AF2ADF6CFB00220B6E /* Assets.xcassets */,
				6E5219B12ADF6CFB00220B6E /* Preview Content */,
			);
			path = SintoCheck;
			sourceTree = "<group>";
		};
		6E5219B12ADF6CFB00220B6E /* Preview Content */ = {
			isa = PBXGroup;
			children = (
				6E5219B22ADF6CFB00220B6E /* Preview Assets.xcassets */,
			);
			path = "Preview Content";
			sourceTree = "<group>";
		};
		9E3956F12AFD8EB100BE4298 /* ViewsUtilidad */ = {
			isa = PBXGroup;
			children = (
				9E3956F22AFD8ECB00BE4298 /* InfoDoctor.swift */,
				9E64DB392B0B3EE900C21C83 /* codeField.swift */,
				9E64DB3B2B0B3EF500C21C83 /* fullCodeField.swift */,
				9E19D9582B151BB6003C8733 /* individualNote.swift */,
			);
			path = ViewsUtilidad;
			sourceTree = "<group>";
		};
		9E6F8E352B0B458D00138EE8 /* funcionesUtilidad */ = {
			isa = PBXGroup;
			children = (
				9E6F8E362B0B459F00138EE8 /* requests.swift */,
			);
			path = funcionesUtilidad;
			sourceTree = "<group>";
		};
/* End PBXGroup section */

/* Begin PBXNativeTarget section */
		6E5219A72ADF6CFA00220B6E /* SintoCheck */ = {
			isa = PBXNativeTarget;
			buildConfigurationList = 6E5219B62ADF6CFB00220B6E /* Build configuration list for PBXNativeTarget "SintoCheck" */;
			buildPhases = (
				6E5219A42ADF6CFA00220B6E /* Sources */,
				6E5219A52ADF6CFA00220B6E /* Frameworks */,
				6E5219A62ADF6CFA00220B6E /* Resources */,
			);
			buildRules = (
			);
			dependencies = (
			);
			name = SintoCheck;
			productName = SintoCheck;
			productReference = 6E5219A82ADF6CFA00220B6E /* SintoCheck.app */;
			productType = "com.apple.product-type.application";
		};
/* End PBXNativeTarget section */

/* Begin PBXProject section */
		6E5219A02ADF6CFA00220B6E /* Project object */ = {
			isa = PBXProject;
			attributes = {
				BuildIndependentTargetsInParallel = 1;
				LastSwiftUpdateCheck = 1500;
				LastUpgradeCheck = 1500;
				TargetAttributes = {
					6E5219A72ADF6CFA00220B6E = {
						CreatedOnToolsVersion = 15.0;
					};
				};
			};
			buildConfigurationList = 6E5219A32ADF6CFA00220B6E /* Build configuration list for PBXProject "SintoCheck" */;
			compatibilityVersion = "Xcode 14.0";
			developmentRegion = en;
			hasScannedForEncodings = 0;
			knownRegions = (
				en,
				Base,
			);
			mainGroup = 6E52199F2ADF6CFA00220B6E;
			productRefGroup = 6E5219A92ADF6CFA00220B6E /* Products */;
			projectDirPath = "";
			projectRoot = "";
			targets = (
				6E5219A72ADF6CFA00220B6E /* SintoCheck */,
			);
		};
/* End PBXProject section */

/* Begin PBXResourcesBuildPhase section */
		6E5219A62ADF6CFA00220B6E /* Resources */ = {
			isa = PBXResourcesBuildPhase;
			buildActionMask = 2147483647;
			files = (
				6E5219B32ADF6CFB00220B6E /* Preview Assets.xcassets in Resources */,
				6E5219B02ADF6CFB00220B6E /* Assets.xcassets in Resources */,
			);
			runOnlyForDeploymentPostprocessing = 0;
		};
/* End PBXResourcesBuildPhase section */

/* Begin PBXSourcesBuildPhase section */
		6E5219A42ADF6CFA00220B6E /* Sources */ = {
			isa = PBXSourcesBuildPhase;
			buildActionMask = 2147483647;
			files = (
				9E64DB3C2B0B3EF500C21C83 /* fullCodeField.swift in Sources */,
				6E5219AE2ADF6CFA00220B6E /* ContentView.swift in Sources */,
				9E64DB3A2B0B3EE900C21C83 /* codeField.swift in Sources */,
				9E6F8E372B0B459F00138EE8 /* requests.swift in Sources */,
				9E3956F72AFD92E500BE4298 /* addNote.swift in Sources */,
				6E4B38D52AFDC82700D93CD5 /* HealthDataResponse.swift in Sources */,
				6E5219BC2ADF6D3800220B6E /* SettingsView.swift in Sources */,
				FBD7FC372B0BF848007A6943 /* RegisterHealthDataView.swift in Sources */,
				6E4B38D62AFDC82700D93CD5 /* DoctorPatientRelationshipResponse.swift in Sources */,
				6E41CFC22AE2F823007BD83B /* DoctorDetailsView.swift in Sources */,
				9E3956F52AFD902C00BE4298 /* MedicalLinkView.swift in Sources */,
				6E41DA722AE21E1500BC3ECD /* Patient.swift in Sources */,
				6E4B38D72AFDC82700D93CD5 /* DoctorSignupResponse.swift in Sources */,
				FB50E6BA2B0DB57B006E5BF0 /* ModifyHealthDataListView.swift in Sources */,
				6E5219BA2ADF6D1900220B6E /* ProfileView.swift in Sources */,
				6E6154962B0C377E006D7C36 /* SwitchView.swift in Sources */,
				FB1793942B019C07006CF12C /* RegisterOptionalDataView.swift in Sources */,
				6EB9D4B22AE06E7700740DFF /* HealthData.swift in Sources */,
				9E3956F32AFD8ECB00BE4298 /* InfoDoctor.swift in Sources */,
				6E4B38D92AFDC82700D93CD5 /* PersonalizedHealthDataRequest.swift in Sources */,
				FBE102472B0EA0E4002041A2 /* NoTrackedHealthDataView.swift in Sources */,
				6E4B38D12AFDC82700D93CD5 /* PatientSignupResponse.swift in Sources */,
				6E4B38D42AFDC82700D93CD5 /* NoteResponse.swift in Sources */,
				6E4B38DA2AFDC82700D93CD5 /* PatientSignupRequest.swift in Sources */,
				6E4B38DE2AFDC82700D93CD5 /* DoctorSignupRequest.swift in Sources */,
				6E4B38D82AFDC82700D93CD5 /* DoctorPatientRelationshipRequest.swift in Sources */,
				6E2B78302B0FD18F00DA027D /* HealthDataNoteDetailView.swift in Sources */,
				6E4B38DD2AFDC82700D93CD5 /* PatientUpdateRequest.swift in Sources */,
				FB03170E2B0C2643000F9A97 /* utils.swift in Sources */,
				6E87BF3F2ADFA52100FEF0DA /* HealthDataDetails.swift in Sources */,
				FBE1024D2B0EC0EC002041A2 /* AddDataRecordListView.swift in Sources */,
				FB9BE86B2AE72ECC00CFEDAB /* LoginView.swift in Sources */,
				FBE102492B0EAD0C002041A2 /* AddPersonalizedHealthDataView.swift in Sources */,
				FB9BE86D2AE72EF100CFEDAB /* RegisterView.swift in Sources */,
				6E4B38D32AFDC82700D93CD5 /* HealthDataRecordResponse.swift in Sources */,
				6E5219AC2ADF6CFA00220B6E /* SintoCheckApp.swift in Sources */,
				9E3956F02AFD8E5800BE4298 /* DoctorDetails.swift in Sources */,
				9E19D9592B151BB7003C8733 /* individualNote.swift in Sources */,
				6E4B38DC2AFDC82700D93CD5 /* HealthDataRecordRequest.swift in Sources */,
				9E19D9572B151B35003C8733 /* viewNotes.swift in Sources */,
				6E4B38D22AFDC82700D93CD5 /* AuthenticationResponse.swift in Sources */,
				6E87BF412ADFB3C200FEF0DA /* MedicalDataView.swift in Sources */,
				6E4B38E02AFDDB2100D93CD5 /* HealthDataDetailView.swift in Sources */,
				6E4B38DB2AFDC82700D93CD5 /* NoteRequest.swift in Sources */,
				FBE1024B2B0EBB6A002041A2 /* AddHealthDataRecordView.swift in Sources */,
			);
			runOnlyForDeploymentPostprocessing = 0;
		};
/* End PBXSourcesBuildPhase section */

/* Begin XCBuildConfiguration section */
		6E5219B42ADF6CFB00220B6E /* Debug */ = {
			isa = XCBuildConfiguration;
			buildSettings = {
				ALWAYS_SEARCH_USER_PATHS = NO;
				ASSETCATALOG_COMPILER_GENERATE_SWIFT_ASSET_SYMBOL_EXTENSIONS = YES;
				CLANG_ANALYZER_NONNULL = YES;
				CLANG_ANALYZER_NUMBER_OBJECT_CONVERSION = YES_AGGRESSIVE;
				CLANG_CXX_LANGUAGE_STANDARD = "gnu++20";
				CLANG_ENABLE_MODULES = YES;
				CLANG_ENABLE_OBJC_ARC = YES;
				CLANG_ENABLE_OBJC_WEAK = YES;
				CLANG_WARN_BLOCK_CAPTURE_AUTORELEASING = YES;
				CLANG_WARN_BOOL_CONVERSION = YES;
				CLANG_WARN_COMMA = YES;
				CLANG_WARN_CONSTANT_CONVERSION = YES;
				CLANG_WARN_DEPRECATED_OBJC_IMPLEMENTATIONS = YES;
				CLANG_WARN_DIRECT_OBJC_ISA_USAGE = YES_ERROR;
				CLANG_WARN_DOCUMENTATION_COMMENTS = YES;
				CLANG_WARN_EMPTY_BODY = YES;
				CLANG_WARN_ENUM_CONVERSION = YES;
				CLANG_WARN_INFINITE_RECURSION = YES;
				CLANG_WARN_INT_CONVERSION = YES;
				CLANG_WARN_NON_LITERAL_NULL_CONVERSION = YES;
				CLANG_WARN_OBJC_IMPLICIT_RETAIN_SELF = YES;
				CLANG_WARN_OBJC_LITERAL_CONVERSION = YES;
				CLANG_WARN_OBJC_ROOT_CLASS = YES_ERROR;
				CLANG_WARN_QUOTED_INCLUDE_IN_FRAMEWORK_HEADER = YES;
				CLANG_WARN_RANGE_LOOP_ANALYSIS = YES;
				CLANG_WARN_STRICT_PROTOTYPES = YES;
				CLANG_WARN_SUSPICIOUS_MOVE = YES;
				CLANG_WARN_UNGUARDED_AVAILABILITY = YES_AGGRESSIVE;
				CLANG_WARN_UNREACHABLE_CODE = YES;
				CLANG_WARN__DUPLICATE_METHOD_MATCH = YES;
				COPY_PHASE_STRIP = NO;
				DEBUG_INFORMATION_FORMAT = dwarf;
				ENABLE_STRICT_OBJC_MSGSEND = YES;
				ENABLE_TESTABILITY = YES;
				ENABLE_USER_SCRIPT_SANDBOXING = YES;
				GCC_C_LANGUAGE_STANDARD = gnu17;
				GCC_DYNAMIC_NO_PIC = NO;
				GCC_NO_COMMON_BLOCKS = YES;
				GCC_OPTIMIZATION_LEVEL = 0;
				GCC_PREPROCESSOR_DEFINITIONS = (
					"DEBUG=1",
					"$(inherited)",
				);
				GCC_WARN_64_TO_32_BIT_CONVERSION = YES;
				GCC_WARN_ABOUT_RETURN_TYPE = YES_ERROR;
				GCC_WARN_UNDECLARED_SELECTOR = YES;
				GCC_WARN_UNINITIALIZED_AUTOS = YES_AGGRESSIVE;
				GCC_WARN_UNUSED_FUNCTION = YES;
				GCC_WARN_UNUSED_VARIABLE = YES;
				IPHONEOS_DEPLOYMENT_TARGET = 17.0;
				LOCALIZATION_PREFERS_STRING_CATALOGS = YES;
				MTL_ENABLE_DEBUG_INFO = INCLUDE_SOURCE;
				MTL_FAST_MATH = YES;
				ONLY_ACTIVE_ARCH = YES;
				SDKROOT = iphoneos;
				SWIFT_ACTIVE_COMPILATION_CONDITIONS = "DEBUG $(inherited)";
				SWIFT_OPTIMIZATION_LEVEL = "-Onone";
			};
			name = Debug;
		};
		6E5219B52ADF6CFB00220B6E /* Release */ = {
			isa = XCBuildConfiguration;
			buildSettings = {
				ALWAYS_SEARCH_USER_PATHS = NO;
				ASSETCATALOG_COMPILER_GENERATE_SWIFT_ASSET_SYMBOL_EXTENSIONS = YES;
				CLANG_ANALYZER_NONNULL = YES;
				CLANG_ANALYZER_NUMBER_OBJECT_CONVERSION = YES_AGGRESSIVE;
				CLANG_CXX_LANGUAGE_STANDARD = "gnu++20";
				CLANG_ENABLE_MODULES = YES;
				CLANG_ENABLE_OBJC_ARC = YES;
				CLANG_ENABLE_OBJC_WEAK = YES;
				CLANG_WARN_BLOCK_CAPTURE_AUTORELEASING = YES;
				CLANG_WARN_BOOL_CONVERSION = YES;
				CLANG_WARN_COMMA = YES;
				CLANG_WARN_CONSTANT_CONVERSION = YES;
				CLANG_WARN_DEPRECATED_OBJC_IMPLEMENTATIONS = YES;
				CLANG_WARN_DIRECT_OBJC_ISA_USAGE = YES_ERROR;
				CLANG_WARN_DOCUMENTATION_COMMENTS = YES;
				CLANG_WARN_EMPTY_BODY = YES;
				CLANG_WARN_ENUM_CONVERSION = YES;
				CLANG_WARN_INFINITE_RECURSION = YES;
				CLANG_WARN_INT_CONVERSION = YES;
				CLANG_WARN_NON_LITERAL_NULL_CONVERSION = YES;
				CLANG_WARN_OBJC_IMPLICIT_RETAIN_SELF = YES;
				CLANG_WARN_OBJC_LITERAL_CONVERSION = YES;
				CLANG_WARN_OBJC_ROOT_CLASS = YES_ERROR;
				CLANG_WARN_QUOTED_INCLUDE_IN_FRAMEWORK_HEADER = YES;
				CLANG_WARN_RANGE_LOOP_ANALYSIS = YES;
				CLANG_WARN_STRICT_PROTOTYPES = YES;
				CLANG_WARN_SUSPICIOUS_MOVE = YES;
				CLANG_WARN_UNGUARDED_AVAILABILITY = YES_AGGRESSIVE;
				CLANG_WARN_UNREACHABLE_CODE = YES;
				CLANG_WARN__DUPLICATE_METHOD_MATCH = YES;
				COPY_PHASE_STRIP = NO;
				DEBUG_INFORMATION_FORMAT = "dwarf-with-dsym";
				ENABLE_NS_ASSERTIONS = NO;
				ENABLE_STRICT_OBJC_MSGSEND = YES;
				ENABLE_USER_SCRIPT_SANDBOXING = YES;
				GCC_C_LANGUAGE_STANDARD = gnu17;
				GCC_NO_COMMON_BLOCKS = YES;
				GCC_WARN_64_TO_32_BIT_CONVERSION = YES;
				GCC_WARN_ABOUT_RETURN_TYPE = YES_ERROR;
				GCC_WARN_UNDECLARED_SELECTOR = YES;
				GCC_WARN_UNINITIALIZED_AUTOS = YES_AGGRESSIVE;
				GCC_WARN_UNUSED_FUNCTION = YES;
				GCC_WARN_UNUSED_VARIABLE = YES;
				IPHONEOS_DEPLOYMENT_TARGET = 17.0;
				LOCALIZATION_PREFERS_STRING_CATALOGS = YES;
				MTL_ENABLE_DEBUG_INFO = NO;
				MTL_FAST_MATH = YES;
				SDKROOT = iphoneos;
				SWIFT_COMPILATION_MODE = wholemodule;
				VALIDATE_PRODUCT = YES;
			};
			name = Release;
		};
		6E5219B72ADF6CFB00220B6E /* Debug */ = {
			isa = XCBuildConfiguration;
			buildSettings = {
				ASSETCATALOG_COMPILER_APPICON_NAME = AppIcon;
				ASSETCATALOG_COMPILER_GLOBAL_ACCENT_COLOR_NAME = AccentColor;
				CODE_SIGN_STYLE = Automatic;
				CURRENT_PROJECT_VERSION = 1;
				DEVELOPMENT_TEAM = 754TW48D53;
				ENABLE_PREVIEWS = YES;
				GENERATE_INFOPLIST_FILE = YES;
				INFOPLIST_KEY_UIApplicationSceneManifest_Generation = YES;
				INFOPLIST_KEY_UIApplicationSupportsIndirectInputEvents = YES;
				INFOPLIST_KEY_UILaunchScreen_Generation = YES;
				INFOPLIST_KEY_UISupportedInterfaceOrientations_iPad = "UIInterfaceOrientationPortrait UIInterfaceOrientationPortraitUpsideDown UIInterfaceOrientationLandscapeLeft UIInterfaceOrientationLandscapeRight";
				INFOPLIST_KEY_UISupportedInterfaceOrientations_iPhone = "UIInterfaceOrientationPortrait UIInterfaceOrientationLandscapeLeft UIInterfaceOrientationLandscapeRight";
				IPHONEOS_DEPLOYMENT_TARGET = 17.0;
				LD_RUNPATH_SEARCH_PATHS = (
					"$(inherited)",
					"@executable_path/Frameworks",
				);
				MARKETING_VERSION = 1.0;
				PRODUCT_BUNDLE_IDENTIFIER = com.andreabadillo.sintocheck;
				PRODUCT_NAME = "$(TARGET_NAME)";
				SWIFT_EMIT_LOC_STRINGS = YES;
				SWIFT_VERSION = 5.0;
				TARGETED_DEVICE_FAMILY = "1,2";
			};
			name = Debug;
		};
		6E5219B82ADF6CFB00220B6E /* Release */ = {
			isa = XCBuildConfiguration;
			buildSettings = {
				ASSETCATALOG_COMPILER_APPICON_NAME = AppIcon;
				ASSETCATALOG_COMPILER_GLOBAL_ACCENT_COLOR_NAME = AccentColor;
				CODE_SIGN_STYLE = Automatic;
				CURRENT_PROJECT_VERSION = 1;
				DEVELOPMENT_ASSET_PATHS = "\"SintoCheck/Preview Content\"";
				DEVELOPMENT_TEAM = 754TW48D53;
				ENABLE_PREVIEWS = YES;
				GENERATE_INFOPLIST_FILE = YES;
				INFOPLIST_KEY_UIApplicationSceneManifest_Generation = YES;
				INFOPLIST_KEY_UIApplicationSupportsIndirectInputEvents = YES;
				INFOPLIST_KEY_UILaunchScreen_Generation = YES;
				INFOPLIST_KEY_UISupportedInterfaceOrientations_iPad = "UIInterfaceOrientationPortrait UIInterfaceOrientationPortraitUpsideDown UIInterfaceOrientationLandscapeLeft UIInterfaceOrientationLandscapeRight";
				INFOPLIST_KEY_UISupportedInterfaceOrientations_iPhone = "UIInterfaceOrientationPortrait UIInterfaceOrientationLandscapeLeft UIInterfaceOrientationLandscapeRight";
				IPHONEOS_DEPLOYMENT_TARGET = 17.0;
				LD_RUNPATH_SEARCH_PATHS = (
					"$(inherited)",
					"@executable_path/Frameworks",
				);
				MARKETING_VERSION = 1.0;
				PRODUCT_BUNDLE_IDENTIFIER = com.andreabadillo.sintocheck;
				PRODUCT_NAME = "$(TARGET_NAME)";
				SWIFT_EMIT_LOC_STRINGS = YES;
				SWIFT_VERSION = 5.0;
				TARGETED_DEVICE_FAMILY = "1,2";
			};
			name = Release;
		};
/* End XCBuildConfiguration section */

/* Begin XCConfigurationList section */
		6E5219A32ADF6CFA00220B6E /* Build configuration list for PBXProject "SintoCheck" */ = {
			isa = XCConfigurationList;
			buildConfigurations = (
				6E5219B42ADF6CFB00220B6E /* Debug */,
				6E5219B52ADF6CFB00220B6E /* Release */,
			);
			defaultConfigurationIsVisible = 0;
			defaultConfigurationName = Release;
		};
		6E5219B62ADF6CFB00220B6E /* Build configuration list for PBXNativeTarget "SintoCheck" */ = {
			isa = XCConfigurationList;
			buildConfigurations = (
				6E5219B72ADF6CFB00220B6E /* Debug */,
				6E5219B82ADF6CFB00220B6E /* Release */,
			);
			defaultConfigurationIsVisible = 0;
			defaultConfigurationName = Release;
		};
/* End XCConfigurationList section */
	};
	rootObject = 6E5219A02ADF6CFA00220B6E /* Project object */;
}
